# This file is automatically @generated by Cargo.
# It is not intended for manual editing.
version = 3

[[package]]
name = "marc"
version = "3.1.1"
source = "registry+https://github.com/rust-lang/crates.io-index"
checksum = "c7158861fa6320edf04e974b504ad3c3a69e1aa9500d2e4899e6dc41265c0a56"

[[package]]
name = "marc-experiment"
version = "0.1.0"
dependencies = [
 "marc",
]
